
Microsoft Visual Studio Solution File, Format Version 12.00
# Visual Studio Version 17
VisualStudioVersion = 17.8.34330.188
MinimumVisualStudioVersion = 10.0.40219.1
Project("{FAE04EC0-301F-11D3-BF4B-00C04F79EFBC}") = "J3O_API_SEGURO", "J3O_API_SEGURO.csproj", "{6BED38A7-09C8-4BC5-BA85-40CCC061C31D}"
EndProject
Global
	GlobalSection(SolutionConfigurationPlatforms) = preSolution
		Debug|Any CPU = Debug|Any CPU
		Release|Any CPU = Release|Any CPU
	EndGlobalSection
	GlobalSection(ProjectConfigurationPlatforms) = postSolution
		{6BED38A7-09C8-4BC5-BA85-40CCC061C31D}.Debug|Any CPU.ActiveCfg = Debug|Any CPU
		{6BED38A7-09C8-4BC5-BA85-40CCC061C31D}.Debug|Any CPU.Build.0 = Debug|Any CPU
		{6BED38A7-09C8-4BC5-BA85-40CCC061C31D}.Release|Any CPU.ActiveCfg = Release|Any CPU
		{6BED38A7-09C8-4BC5-BA85-40CCC061C31D}.Release|Any CPU.Build.0 = Release|Any CPU
	EndGlobalSection
	GlobalSection(SolutionProperties) = preSolution
		HideSolutionNode = FALSE
	EndGlobalSection
	GlobalSection(ExtensibilityGlobals) = postSolution
		SolutionGuid = {5154159A-EA1C-4997-83F2-4848764A0412}
	EndGlobalSection
EndGlobal
